
Microsoft Visual Studio Solution File, Format Version 12.00
# Visual Studio 15
VisualStudioVersion = 15.0.28010.2048
MinimumVisualStudioVersion = 10.0.40219.1
Project("{FAE04EC0-301F-11D3-BF4B-00C04F79EFBC}") = "deneme", "deneme\deneme.csproj", "{27670DF3-8BA9-448B-ADEE-38E2729DC68D}"
EndProject
Global
	GlobalSection(SolutionConfigurationPlatforms) = preSolution
		Debug|Any CPU = Debug|Any CPU
		Release|Any CPU = Release|Any CPU
	EndGlobalSection
	GlobalSection(ProjectConfigurationPlatforms) = postSolution
		{27670DF3-8BA9-448B-ADEE-38E2729DC68D}.Debug|Any CPU.ActiveCfg = Debug|Any CPU
		{27670DF3-8BA9-448B-ADEE-38E2729DC68D}.Debug|Any CPU.Build.0 = Debug|Any CPU
		{27670DF3-8BA9-448B-ADEE-38E2729DC68D}.Release|Any CPU.ActiveCfg = Release|Any CPU
		{27670DF3-8BA9-448B-ADEE-38E2729DC68D}.Release|Any CPU.Build.0 = Release|Any CPU
	EndGlobalSection
	GlobalSection(SolutionProperties) = preSolution
		HideSolutionNode = FALSE
	EndGlobalSection
	GlobalSection(ExtensibilityGlobals) = postSolution
		SolutionGuid = {51B748E9-82E9-4F27-8EA2-30803C3A1E0B}
	EndGlobalSection
EndGlobal
